# This file is autogenerated, do not edit; changes may be undone by the next 'dep ensure'.


[[projects]]
  name = "github.com/mattn/go-runewidth"
  packages = ["."]
  revision = "9e777a8366cce605130a531d2cd6363d07ad7317"
  version = "v0.0.2"

[[projects]]
  branch = "master"
  name = "github.com/nsf/termbox-go"
  packages = ["."]
  revision = "aa4a75b1c20a2b03751b1a9f7e41d58bd6f71c43"

[[projects]]
  branch = "master"
  name = "github.com/nsf/tulib"
  packages = ["."]
  revision = "b257bdd8b41a71f8c5e524820177957b2a3f4459"

[solve-meta]
  analyzer-name = "dep"
  analyzer-version = 1
  inputs-digest = "2f3615ce277fb50052f5ef4c103d580a6f0641cad98ebe0843ceabb0150b7c2b"
  solver-name = "gps-cdcl"
  solver-version = 1
